// !$*UTF8*$!
{
	archiveVersion = 1;
	classes = {
	};
	objectVersion = 50;
	objects = {

/* Begin PBXBuildFile section */
		37D5B8E2221A3C5B004E086E /* TextBufferKit.framework in Frameworks */ = {isa = PBXBuildFile; fileRef = 37D5B8D8221A3C5B004E086E /* TextBufferKit.framework */; };
		E3A891F82326F736001FA258 /* FindMatch.swift in Sources */ = {isa = PBXBuildFile; fileRef = E3A891F02326F736001FA258 /* FindMatch.swift */; };
		E3A891F92326F736001FA258 /* PieceTreeBase.swift in Sources */ = {isa = PBXBuildFile; fileRef = E3A891F12326F736001FA258 /* PieceTreeBase.swift */; };
		E3A891FA2326F736001FA258 /* SearchData.swift in Sources */ = {isa = PBXBuildFile; fileRef = E3A891F22326F736001FA258 /* SearchData.swift */; };
		E3A891FB2326F736001FA258 /* Range.swift in Sources */ = {isa = PBXBuildFile; fileRef = E3A891F32326F736001FA258 /* Range.swift */; };
		E3A891FC2326F736001FA258 /* PieceTreeTextBuffer.swift in Sources */ = {isa = PBXBuildFile; fileRef = E3A891F42326F736001FA258 /* PieceTreeTextBuffer.swift */; };
		E3A891FD2326F736001FA258 /* Position.swift in Sources */ = {isa = PBXBuildFile; fileRef = E3A891F52326F736001FA258 /* Position.swift */; };
		E3A891FE2326F736001FA258 /* TreeBase.swift in Sources */ = {isa = PBXBuildFile; fileRef = E3A891F62326F736001FA258 /* TreeBase.swift */; };
		E3A891FF2326F736001FA258 /* PieceTreeBuilder.swift in Sources */ = {isa = PBXBuildFile; fileRef = E3A891F72326F736001FA258 /* PieceTreeBuilder.swift */; };
		E3A892032326F742001FA258 /* TextBufferKitTests.swift in Sources */ = {isa = PBXBuildFile; fileRef = E3A892012326F742001FA258 /* TextBufferKitTests.swift */; };
		E3A892042326F742001FA258 /* PieceTreeTextBufferTests.swift in Sources */ = {isa = PBXBuildFile; fileRef = E3A892022326F742001FA258 /* PieceTreeTextBufferTests.swift */; };
/* End PBXBuildFile section */

/* Begin PBXContainerItemProxy section */
		37D5B8E3221A3C5B004E086E /* PBXContainerItemProxy */ = {
			isa = PBXContainerItemProxy;
			containerPortal = 37D5B8CD221A3C20004E086E /* Project object */;
			proxyType = 1;
			remoteGlobalIDString = 37D5B8D7221A3C5B004E086E;
			remoteInfo = TextBufferKit;
		};
/* End PBXContainerItemProxy section */

/* Begin PBXFileReference section */
		37D5B8D8221A3C5B004E086E /* TextBufferKit.framework */ = {isa = PBXFileReference; explicitFileType = wrapper.framework; includeInIndex = 0; path = TextBufferKit.framework; sourceTree = BUILT_PRODUCTS_DIR; };
		37D5B8E1221A3C5B004E086E /* TextBufferKitTests.xctest */ = {isa = PBXFileReference; explicitFileType = wrapper.cfbundle; includeInIndex = 0; path = TextBufferKitTests.xctest; sourceTree = BUILT_PRODUCTS_DIR; };
		37D5B914221A3CD9004E086E /* UniversalFramework_Framework.xcconfig */ = {isa = PBXFileReference; lastKnownFileType = text.xcconfig; path = UniversalFramework_Framework.xcconfig; sourceTree = "<group>"; };
		37D5B915221A3CD9004E086E /* LICENSE */ = {isa = PBXFileReference; lastKnownFileType = text; path = LICENSE; sourceTree = "<group>"; };
		37D5B917221A3CD9004E086E /* UniversalFramework_Base.xcconfig */ = {isa = PBXFileReference; lastKnownFileType = text.xcconfig; path = UniversalFramework_Base.xcconfig; sourceTree = "<group>"; };
		37D5B918221A3CD9004E086E /* UniversalFramework_Test.xcconfig */ = {isa = PBXFileReference; lastKnownFileType = text.xcconfig; path = UniversalFramework_Test.xcconfig; sourceTree = "<group>"; };
		37D5B919221A3CD9004E086E /* Info.plist */ = {isa = PBXFileReference; lastKnownFileType = text.plist.xml; path = Info.plist; sourceTree = "<group>"; };
		E3A891F02326F736001FA258 /* FindMatch.swift */ = {isa = PBXFileReference; fileEncoding = 4; lastKnownFileType = sourcecode.swift; path = FindMatch.swift; sourceTree = "<group>"; };
		E3A891F12326F736001FA258 /* PieceTreeBase.swift */ = {isa = PBXFileReference; fileEncoding = 4; lastKnownFileType = sourcecode.swift; path = PieceTreeBase.swift; sourceTree = "<group>"; };
		E3A891F22326F736001FA258 /* SearchData.swift */ = {isa = PBXFileReference; fileEncoding = 4; lastKnownFileType = sourcecode.swift; path = SearchData.swift; sourceTree = "<group>"; };
		E3A891F32326F736001FA258 /* Range.swift */ = {isa = PBXFileReference; fileEncoding = 4; lastKnownFileType = sourcecode.swift; path = Range.swift; sourceTree = "<group>"; };
		E3A891F42326F736001FA258 /* PieceTreeTextBuffer.swift */ = {isa = PBXFileReference; fileEncoding = 4; lastKnownFileType = sourcecode.swift; path = PieceTreeTextBuffer.swift; sourceTree = "<group>"; };
		E3A891F52326F736001FA258 /* Position.swift */ = {isa = PBXFileReference; fileEncoding = 4; lastKnownFileType = sourcecode.swift; path = Position.swift; sourceTree = "<group>"; };
		E3A891F62326F736001FA258 /* TreeBase.swift */ = {isa = PBXFileReference; fileEncoding = 4; lastKnownFileType = sourcecode.swift; path = TreeBase.swift; sourceTree = "<group>"; };
		E3A891F72326F736001FA258 /* PieceTreeBuilder.swift */ = {isa = PBXFileReference; fileEncoding = 4; lastKnownFileType = sourcecode.swift; path = PieceTreeBuilder.swift; sourceTree = "<group>"; };
		E3A892012326F742001FA258 /* TextBufferKitTests.swift */ = {isa = PBXFileReference; fileEncoding = 4; lastKnownFileType = sourcecode.swift; path = TextBufferKitTests.swift; sourceTree = "<group>"; };
		E3A892022326F742001FA258 /* PieceTreeTextBufferTests.swift */ = {isa = PBXFileReference; fileEncoding = 4; lastKnownFileType = sourcecode.swift; path = PieceTreeTextBufferTests.swift; sourceTree = "<group>"; };
/* End PBXFileReference section */

/* Begin PBXFrameworksBuildPhase section */
		37D5B8D5221A3C5B004E086E /* Frameworks */ = {
			isa = PBXFrameworksBuildPhase;
			buildActionMask = 2147483647;
			files = (
			);
			runOnlyForDeploymentPostprocessing = 0;
		};
		37D5B8DE221A3C5B004E086E /* Frameworks */ = {
			isa = PBXFrameworksBuildPhase;
			buildActionMask = 2147483647;
			files = (
				37D5B8E2221A3C5B004E086E /* TextBufferKit.framework in Frameworks */,
			);
			runOnlyForDeploymentPostprocessing = 0;
		};
/* End PBXFrameworksBuildPhase section */

/* Begin PBXGroup section */
		37D5B8CC221A3C20004E086E = {
			isa = PBXGroup;
			children = (
				37D5B8F2221A3CB3004E086E /* Sources */,
				37D5B902221A3CC1004E086E /* Tests */,
				37D5B912221A3CD9004E086E /* Resources */,
				37D5B8D9221A3C5B004E086E /* Products */,
				E3ABEBF022267F6C005851DB /* Frameworks */,
			);
			sourceTree = "<group>";
		};
		37D5B8D9221A3C5B004E086E /* Products */ = {
			isa = PBXGroup;
			children = (
				37D5B8D8221A3C5B004E086E /* TextBufferKit.framework */,
				37D5B8E1221A3C5B004E086E /* TextBufferKitTests.xctest */,
			);
			name = Products;
			sourceTree = "<group>";
		};
		37D5B8F2221A3CB3004E086E /* Sources */ = {
			isa = PBXGroup;
			children = (
				E3A891EF2326F736001FA258 /* TextBufferKit */,
			);
			path = Sources;
			sourceTree = "<group>";
		};
		37D5B902221A3CC1004E086E /* Tests */ = {
			isa = PBXGroup;
			children = (
				E3A892002326F742001FA258 /* TextBufferKitTests */,
			);
			path = Tests;
			sourceTree = "<group>";
		};
		37D5B912221A3CD9004E086E /* Resources */ = {
			isa = PBXGroup;
			children = (
				37D5B913221A3CD9004E086E /* xcconfigs */,
				37D5B919221A3CD9004E086E /* Info.plist */,
			);
			path = Resources;
			sourceTree = "<group>";
		};
		37D5B913221A3CD9004E086E /* xcconfigs */ = {
			isa = PBXGroup;
			children = (
				37D5B914221A3CD9004E086E /* UniversalFramework_Framework.xcconfig */,
				37D5B915221A3CD9004E086E /* LICENSE */,
				37D5B917221A3CD9004E086E /* UniversalFramework_Base.xcconfig */,
				37D5B918221A3CD9004E086E /* UniversalFramework_Test.xcconfig */,
			);
			path = xcconfigs;
			sourceTree = "<group>";
		};
		E3A891EF2326F736001FA258 /* TextBufferKit */ = {
			isa = PBXGroup;
			children = (
				E3A891F02326F736001FA258 /* FindMatch.swift */,
				E3A891F12326F736001FA258 /* PieceTreeBase.swift */,
				E3A891F22326F736001FA258 /* SearchData.swift */,
				E3A891F32326F736001FA258 /* Range.swift */,
				E3A891F42326F736001FA258 /* PieceTreeTextBuffer.swift */,
				E3A891F52326F736001FA258 /* Position.swift */,
				E3A891F62326F736001FA258 /* TreeBase.swift */,
				E3A891F72326F736001FA258 /* PieceTreeBuilder.swift */,
			);
			path = TextBufferKit;
			sourceTree = "<group>";
		};
		E3A892002326F742001FA258 /* TextBufferKitTests */ = {
			isa = PBXGroup;
			children = (
				E3A892012326F742001FA258 /* TextBufferKitTests.swift */,
				E3A892022326F742001FA258 /* PieceTreeTextBufferTests.swift */,
			);
			path = TextBufferKitTests;
			sourceTree = "<group>";
		};
		E3ABEBF022267F6C005851DB /* Frameworks */ = {
			isa = PBXGroup;
			children = (
			);
			name = Frameworks;
			sourceTree = "<group>";
		};
/* End PBXGroup section */

/* Begin PBXHeadersBuildPhase section */
		37D5B8D3221A3C5B004E086E /* Headers */ = {
			isa = PBXHeadersBuildPhase;
			buildActionMask = 2147483647;
			files = (
			);
			runOnlyForDeploymentPostprocessing = 0;
		};
/* End PBXHeadersBuildPhase section */

/* Begin PBXNativeTarget section */
		37D5B8D7221A3C5B004E086E /* TextBufferKit */ = {
			isa = PBXNativeTarget;
			buildConfigurationList = 37D5B8EE221A3C5B004E086E /* Build configuration list for PBXNativeTarget "TextBufferKit" */;
			buildPhases = (
				37D5B8D3221A3C5B004E086E /* Headers */,
				37D5B8D4221A3C5B004E086E /* Sources */,
				37D5B8D5221A3C5B004E086E /* Frameworks */,
				37D5B8D6221A3C5B004E086E /* Resources */,
			);
			buildRules = (
			);
			dependencies = (
			);
			name = TextBufferKit;
			productName = TextBufferKit;
			productReference = 37D5B8D8221A3C5B004E086E /* TextBufferKit.framework */;
			productType = "com.apple.product-type.framework";
		};
		37D5B8E0221A3C5B004E086E /* TextBufferKitTests */ = {
			isa = PBXNativeTarget;
			buildConfigurationList = 37D5B8EF221A3C5B004E086E /* Build configuration list for PBXNativeTarget "TextBufferKitTests" */;
			buildPhases = (
				37D5B8DD221A3C5B004E086E /* Sources */,
				37D5B8DE221A3C5B004E086E /* Frameworks */,
				37D5B8DF221A3C5B004E086E /* Resources */,
			);
			buildRules = (
			);
			dependencies = (
				37D5B8E4221A3C5B004E086E /* PBXTargetDependency */,
			);
			name = TextBufferKitTests;
			productName = TextBufferKitTests;
			productReference = 37D5B8E1221A3C5B004E086E /* TextBufferKitTests.xctest */;
			productType = "com.apple.product-type.bundle.unit-test";
		};
/* End PBXNativeTarget section */

/* Begin PBXProject section */
		37D5B8CD221A3C20004E086E /* Project object */ = {
			isa = PBXProject;
			attributes = {
				LastSwiftUpdateCheck = 1010;
				LastUpgradeCheck = 1250;
				TargetAttributes = {
					37D5B8D7221A3C5B004E086E = {
						CreatedOnToolsVersion = 10.1;
					};
					37D5B8E0221A3C5B004E086E = {
						CreatedOnToolsVersion = 10.1;
					};
				};
			};
			buildConfigurationList = 37D5B8D0221A3C20004E086E /* Build configuration list for PBXProject "TextBufferKit" */;
			compatibilityVersion = "Xcode 9.3";
			developmentRegion = en;
			hasScannedForEncodings = 0;
			knownRegions = (
				en,
			);
			mainGroup = 37D5B8CC221A3C20004E086E;
			productRefGroup = 37D5B8D9221A3C5B004E086E /* Products */;
			projectDirPath = "";
			projectRoot = "";
			targets = (
				37D5B8D7221A3C5B004E086E /* TextBufferKit */,
				37D5B8E0221A3C5B004E086E /* TextBufferKitTests */,
			);
		};
/* End PBXProject section */

/* Begin PBXResourcesBuildPhase section */
		37D5B8D6221A3C5B004E086E /* Resources */ = {
			isa = PBXResourcesBuildPhase;
			buildActionMask = 2147483647;
			files = (
			);
			runOnlyForDeploymentPostprocessing = 0;
		};
		37D5B8DF221A3C5B004E086E /* Resources */ = {
			isa = PBXResourcesBuildPhase;
			buildActionMask = 2147483647;
			files = (
			);
			runOnlyForDeploymentPostprocessing = 0;
		};
/* End PBXResourcesBuildPhase section */

/* Begin PBXSourcesBuildPhase section */
		37D5B8D4221A3C5B004E086E /* Sources */ = {
			isa = PBXSourcesBuildPhase;
			buildActionMask = 2147483647;
			files = (
				E3A891F82326F736001FA258 /* FindMatch.swift in Sources */,
				E3A891FC2326F736001FA258 /* PieceTreeTextBuffer.swift in Sources */,
				E3A891FD2326F736001FA258 /* Position.swift in Sources */,
				E3A891FA2326F736001FA258 /* SearchData.swift in Sources */,
				E3A891FE2326F736001FA258 /* TreeBase.swift in Sources */,
				E3A891F92326F736001FA258 /* PieceTreeBase.swift in Sources */,
				E3A891FF2326F736001FA258 /* PieceTreeBuilder.swift in Sources */,
				E3A891FB2326F736001FA258 /* Range.swift in Sources */,
			);
			runOnlyForDeploymentPostprocessing = 0;
		};
		37D5B8DD221A3C5B004E086E /* Sources */ = {
			isa = PBXSourcesBuildPhase;
			buildActionMask = 2147483647;
			files = (
				E3A892032326F742001FA258 /* TextBufferKitTests.swift in Sources */,
				E3A892042326F742001FA258 /* PieceTreeTextBufferTests.swift in Sources */,
			);
			runOnlyForDeploymentPostprocessing = 0;
		};
/* End PBXSourcesBuildPhase section */

/* Begin PBXTargetDependency section */
		37D5B8E4221A3C5B004E086E /* PBXTargetDependency */ = {
			isa = PBXTargetDependency;
			target = 37D5B8D7221A3C5B004E086E /* TextBufferKit */;
			targetProxy = 37D5B8E3221A3C5B004E086E /* PBXContainerItemProxy */;
		};
/* End PBXTargetDependency section */

/* Begin XCBuildConfiguration section */
		37D5B8D1221A3C20004E086E /* Debug */ = {
			isa = XCBuildConfiguration;
			buildSettings = {
				ALWAYS_SEARCH_USER_PATHS = NO;
				CLANG_WARN_BLOCK_CAPTURE_AUTORELEASING = YES;
				CLANG_WARN_BOOL_CONVERSION = YES;
				CLANG_WARN_COMMA = YES;
				CLANG_WARN_CONSTANT_CONVERSION = YES;
				CLANG_WARN_DEPRECATED_OBJC_IMPLEMENTATIONS = YES;
				CLANG_WARN_EMPTY_BODY = YES;
				CLANG_WARN_ENUM_CONVERSION = YES;
				CLANG_WARN_INFINITE_RECURSION = YES;
				CLANG_WARN_INT_CONVERSION = YES;
				CLANG_WARN_NON_LITERAL_NULL_CONVERSION = YES;
				CLANG_WARN_OBJC_IMPLICIT_RETAIN_SELF = YES;
				CLANG_WARN_OBJC_LITERAL_CONVERSION = YES;
				CLANG_WARN_QUOTED_INCLUDE_IN_FRAMEWORK_HEADER = YES;
				CLANG_WARN_RANGE_LOOP_ANALYSIS = YES;
				CLANG_WARN_STRICT_PROTOTYPES = YES;
				CLANG_WARN_SUSPICIOUS_MOVE = YES;
				CLANG_WARN_UNREACHABLE_CODE = YES;
				CLANG_WARN__DUPLICATE_METHOD_MATCH = YES;
				CURRENT_PROJECT_VERSION = 1;
				DEBUG_INFORMATION_FORMAT = dwarf;
				ENABLE_STRICT_OBJC_MSGSEND = YES;
				ENABLE_TESTABILITY = YES;
				GCC_NO_COMMON_BLOCKS = YES;
				GCC_WARN_64_TO_32_BIT_CONVERSION = YES;
				GCC_WARN_ABOUT_RETURN_TYPE = YES;
				GCC_WARN_UNDECLARED_SELECTOR = YES;
				GCC_WARN_UNINITIALIZED_AUTOS = YES;
				GCC_WARN_UNUSED_FUNCTION = YES;
				GCC_WARN_UNUSED_VARIABLE = YES;
				ONLY_ACTIVE_ARCH = YES;
				VERSIONING_SYSTEM = "apple-generic";
			};
			name = Debug;
		};
		37D5B8D2221A3C20004E086E /* Release */ = {
			isa = XCBuildConfiguration;
			buildSettings = {
				ALWAYS_SEARCH_USER_PATHS = NO;
				CLANG_WARN_BLOCK_CAPTURE_AUTORELEASING = YES;
				CLANG_WARN_BOOL_CONVERSION = YES;
				CLANG_WARN_COMMA = YES;
				CLANG_WARN_CONSTANT_CONVERSION = YES;
				CLANG_WARN_DEPRECATED_OBJC_IMPLEMENTATIONS = YES;
				CLANG_WARN_EMPTY_BODY = YES;
				CLANG_WARN_ENUM_CONVERSION = YES;
				CLANG_WARN_INFINITE_RECURSION = YES;
				CLANG_WARN_INT_CONVERSION = YES;
				CLANG_WARN_NON_LITERAL_NULL_CONVERSION = YES;
				CLANG_WARN_OBJC_IMPLICIT_RETAIN_SELF = YES;
				CLANG_WARN_OBJC_LITERAL_CONVERSION = YES;
				CLANG_WARN_QUOTED_INCLUDE_IN_FRAMEWORK_HEADER = YES;
				CLANG_WARN_RANGE_LOOP_ANALYSIS = YES;
				CLANG_WARN_STRICT_PROTOTYPES = YES;
				CLANG_WARN_SUSPICIOUS_MOVE = YES;
				CLANG_WARN_UNREACHABLE_CODE = YES;
				CLANG_WARN__DUPLICATE_METHOD_MATCH = YES;
				CURRENT_PROJECT_VERSION = 1;
				DEBUG_INFORMATION_FORMAT = "dwarf-with-dsym";
				ENABLE_STRICT_OBJC_MSGSEND = YES;
				GCC_NO_COMMON_BLOCKS = YES;
				GCC_WARN_64_TO_32_BIT_CONVERSION = YES;
				GCC_WARN_ABOUT_RETURN_TYPE = YES;
				GCC_WARN_UNDECLARED_SELECTOR = YES;
				GCC_WARN_UNINITIALIZED_AUTOS = YES;
				GCC_WARN_UNUSED_FUNCTION = YES;
				GCC_WARN_UNUSED_VARIABLE = YES;
				VERSIONING_SYSTEM = "apple-generic";
			};
			name = Release;
		};
		37D5B8EA221A3C5B004E086E /* Debug */ = {
			isa = XCBuildConfiguration;
			baseConfigurationReference = 37D5B914221A3CD9004E086E /* UniversalFramework_Framework.xcconfig */;
			buildSettings = {
				CLANG_ENABLE_OBJC_WEAK = YES;
				DEFINES_MODULE = YES;
				ENABLE_TESTABILITY = YES;
				FRAMEWORK_SEARCH_PATHS = "$(inherited)";
				INFOPLIST_FILE = Resources/Info.plist;
				MARKETING_VERSION = 1;
				PRODUCT_BUNDLE_IDENTIFIER = org.tirania.TextBufferKit;
				PRODUCT_NAME = "$(TARGET_NAME:c99extidentifier)";
				SWIFT_OPTIMIZATION_LEVEL = "-Onone";
				SWIFT_TREAT_WARNINGS_AS_ERRORS = YES;
			};
			name = Debug;
		};
		37D5B8EB221A3C5B004E086E /* Release */ = {
			isa = XCBuildConfiguration;
			baseConfigurationReference = 37D5B914221A3CD9004E086E /* UniversalFramework_Framework.xcconfig */;
			buildSettings = {
				CLANG_ENABLE_OBJC_WEAK = YES;
				DEFINES_MODULE = YES;
				FRAMEWORK_SEARCH_PATHS = "$(inherited)";
				INFOPLIST_FILE = Resources/Info.plist;
				MARKETING_VERSION = 1;
				PRODUCT_BUNDLE_IDENTIFIER = org.tirania.TextBufferKit;
				PRODUCT_NAME = "$(TARGET_NAME:c99extidentifier)";
				SWIFT_COMPILATION_MODE = wholemodule;
				SWIFT_OPTIMIZATION_LEVEL = "-O";
				SWIFT_TREAT_WARNINGS_AS_ERRORS = YES;
			};
			name = Release;
		};
		37D5B8EC221A3C5B004E086E /* Debug */ = {
			isa = XCBuildConfiguration;
			baseConfigurationReference = 37D5B918221A3CD9004E086E /* UniversalFramework_Test.xcconfig */;
			buildSettings = {
				ALWAYS_EMBED_SWIFT_STANDARD_LIBRARIES = YES;
				CLANG_ENABLE_OBJC_WEAK = YES;
				FRAMEWORK_SEARCH_PATHS = "$(inherited)";
				PRODUCT_BUNDLE_IDENTIFIER = org.tirania.TextBufferKitTests;
				PRODUCT_NAME = "$(TARGET_NAME)";
				SWIFT_OPTIMIZATION_LEVEL = "-Onone";
			};
			name = Debug;
		};
		37D5B8ED221A3C5B004E086E /* Release */ = {
			isa = XCBuildConfiguration;
			baseConfigurationReference = 37D5B918221A3CD9004E086E /* UniversalFramework_Test.xcconfig */;
			buildSettings = {
				ALWAYS_EMBED_SWIFT_STANDARD_LIBRARIES = YES;
				CLANG_ENABLE_OBJC_WEAK = YES;
				FRAMEWORK_SEARCH_PATHS = "$(inherited)";
				PRODUCT_BUNDLE_IDENTIFIER = org.tirania.TextBufferKitTests;
				PRODUCT_NAME = "$(TARGET_NAME)";
				SWIFT_COMPILATION_MODE = wholemodule;
				SWIFT_OPTIMIZATION_LEVEL = "-O";
			};
			name = Release;
		};
/* End XCBuildConfiguration section */

/* Begin XCConfigurationList section */
		37D5B8D0221A3C20004E086E /* Build configuration list for PBXProject "TextBufferKit" */ = {
			isa = XCConfigurationList;
			buildConfigurations = (
				37D5B8D1221A3C20004E086E /* Debug */,
				37D5B8D2221A3C20004E086E /* Release */,
			);
			defaultConfigurationIsVisible = 0;
			defaultConfigurationName = Release;
		};
		37D5B8EE221A3C5B004E086E /* Build configuration list for PBXNativeTarget "TextBufferKit" */ = {
			isa = XCConfigurationList;
			buildConfigurations = (
				37D5B8EA221A3C5B004E086E /* Debug */,
				37D5B8EB221A3C5B004E086E /* Release */,
			);
			defaultConfigurationIsVisible = 0;
			defaultConfigurationName = Release;
		};
		37D5B8EF221A3C5B004E086E /* Build configuration list for PBXNativeTarget "TextBufferKitTests" */ = {
			isa = XCConfigurationList;
			buildConfigurations = (
				37D5B8EC221A3C5B004E086E /* Debug */,
				37D5B8ED221A3C5B004E086E /* Release */,
			);
			defaultConfigurationIsVisible = 0;
			defaultConfigurationName = Release;
		};
/* End XCConfigurationList section */
	};
	rootObject = 37D5B8CD221A3C20004E086E /* Project object */;
}
